Microsoft Visual Studio Solution File, Format Version 12.00
# Visual Studio Version 17
VisualStudioVersion = 17.0.31903.59
MinimumVisualStudioVersion = 10.0.40219.1
Project("{FAE04EC0-301F-11D3-BF4B-00C04F79EFBC}") = "OpenAudioLink.Core", "src\OpenAudioLink.Core\OpenAudioLink.Core.csproj", "{9A1E4B70-0001-4A61-9C0E-52A100000001}"
EndProject
Project("{FAE04EC0-301F-11D3-BF4B-00C04F79EFBC}") = "OpenAudioLink.Hub", "src\OpenAudioLink.Hub\OpenAudioLink.Hub.csproj", "{9A1E4B70-0002-4A61-9C0E-52A100000002}"
EndProject
Project("{FAE04EC0-301F-11D3-BF4B-00C04F79EFBC}") = "OpenAudioLink.Core.Tests", "tests\OpenAudioLink.Core.Tests\OpenAudioLink.Core.Tests.csproj", "{9A1E4B70-0003-4A61-9C0E-52A100000003}"
EndProject
Global
	GlobalSection(SolutionConfigurationPlatforms) = preSolution
		Debug|Any CPU = Debug|Any CPU
		Release|Any CPU = Release|Any CPU
	EndGlobalSection
	GlobalSection(ProjectConfigurationPlatforms) = postSolution
		{9A1E4B70-0001-4A61-9C0E-52A100000001}.Debug|Any CPU.ActiveCfg = Debug|Any CPU
		{9A1E4B70-0001-4A61-9C0E-52A100000001}.Debug|Any CPU.Build.0 = Debug|Any CPU
		{9A1E4B70-0001-4A61-9C0E-52A100000001}.Release|Any CPU.ActiveCfg = Release|Any CPU
		{9A1E4B70-0001-4A61-9C0E-52A100000001}.Release|Any CPU.Build.0 = Release|Any CPU
		{9A1E4B70-0002-4A61-9C0E-52A100000002}.Debug|Any CPU.ActiveCfg = Debug|Any CPU
		{9A1E4B70-0002-4A61-9C0E-52A100000002}.Debug|Any CPU.Build.0 = Debug|Any CPU
		{9A1E4B70-0002-4A61-9C0E-52A100000002}.Release|Any CPU.ActiveCfg = Release|Any CPU
		{9A1E4B70-0002-4A61-9C0E-52A100000002}.Release|Any CPU.Build.0 = Release|Any CPU
		{9A1E4B70-0003-4A61-9C0E-52A100000003}.Debug|Any CPU.ActiveCfg = Debug|Any CPU
		{9A1E4B70-0003-4A61-9C0E-52A100000003}.Debug|Any CPU.Build.0 = Debug|Any CPU
		{9A1E4B70-0003-4A61-9C0E-52A100000003}.Release|Any CPU.ActiveCfg = Release|Any CPU
		{9A1E4B70-0003-4A61-9C0E-52A100000003}.Release|Any CPU.Build.0 = Release|Any CPU
	EndGlobalSection
	GlobalSection(SolutionProperties) = preSolution
		HideSolutionNode = FALSE
	EndGlobalSection
EndGlobal
